
Microsoft Visual Studio Solution File, Format Version 12.00
# Visual Studio Version 16
VisualStudioVersion = 16.0.31205.134
MinimumVisualStudioVersion = 10.0.40219.1
Project("{E24C65DC-7377-472B-9ABA-BC803B73C61A}") = "GarageManger", "GarageManger\", "{9178C7FE-98A4-4005-99D1-95A20EE2F618}"
	ProjectSection(WebsiteProperties) = preProject
		TargetFrameworkMoniker = ".NETFramework,Version%3Dv4.7.2"
		Debug.AspNetCompiler.VirtualPath = "/localhost_49790"
		Debug.AspNetCompiler.PhysicalPath = "GarageManger\"
		Debug.AspNetCompiler.TargetPath = "PrecompiledWeb\localhost_49790\"
		Debug.AspNetCompiler.Updateable = "true"
		Debug.AspNetCompiler.ForceOverwrite = "true"
		Debug.AspNetCompiler.FixedNames = "false"
		Debug.AspNetCompiler.Debug = "True"
		Release.AspNetCompiler.VirtualPath = "/localhost_49790"
		Release.AspNetCompiler.PhysicalPath = "GarageManger\"
		Release.AspNetCompiler.TargetPath = "PrecompiledWeb\localhost_49790\"
		Release.AspNetCompiler.Updateable = "true"
		Release.AspNetCompiler.ForceOverwrite = "true"
		Release.AspNetCompiler.FixedNames = "false"
		Release.AspNetCompiler.Debug = "False"
		VWDPort = "49790"
		SlnRelativePath = "GarageManger\"
		DefaultWebSiteLanguage = "Visual C#"
	EndProjectSection
EndProject
Global
	GlobalSection(SolutionConfigurationPlatforms) = preSolution
		Debug|Any CPU = Debug|Any CPU
	EndGlobalSection
	GlobalSection(ProjectConfigurationPlatforms) = postSolution
		{9178C7FE-98A4-4005-99D1-95A20EE2F618}.Debug|Any CPU.ActiveCfg = Debug|Any CPU
		{9178C7FE-98A4-4005-99D1-95A20EE2F618}.Debug|Any CPU.Build.0 = Debug|Any CPU
	EndGlobalSection
	GlobalSection(SolutionProperties) = preSolution
		HideSolutionNode = FALSE
	EndGlobalSection
	GlobalSection(ExtensibilityGlobals) = postSolution
		SolutionGuid = {2866F14F-4A0F-4699-9439-4EB2579429BD}
	EndGlobalSection
EndGlobal
